{
  "object": {
    "pins": [
      {
        "package": "Forge",
        "repositoryURL": "https://github.com/Hi-Rez/Forge",
        "state": {
          "branch": "master",
          "revision": "85a8c6965160a37833fb4c9446b38c8710aab2f0",
          "version": null
        }
      },
      {
        "package": "Satin",
        "repositoryURL": "https://github.com/Hi-Rez/Satin",
        "state": {
          "branch": "master",
          "revision": "09e1e124afb7ba8813ba9a95d53adacb4d42369d",
          "version": null
        }
      },
      {
        "package": "Youi",
        "repositoryURL": "https://github.com/Hi-Rez/Youi",
        "state": {
          "branch": "master",
          "revision": "4fd3afa5cafb6dd3c8713c5fcd4579e14e2cfc7d",
          "version": null
        }
      }
    ]
  },
  "version": 1
}
