{
  "pins" : [
    {
      "identity" : "forge",
      "kind" : "remoteSourceControl",
      "location" : "https://github.com/Hi-Rez/Forge",
      "state" : {
        "revision" : "e61337ea21590723f03822d290b28a494b9ef7dd",
        "version" : "1.4.0"
      }
    },
    {
      "identity" : "satin",
      "kind" : "remoteSourceControl",
      "location" : "https://github.com/Hi-Rez/Satin",
      "state" : {
        "revision" : "d87dc84616dec77b62c71e05782a5001a57b497e",
        "version" : "2.1.1"
      }
    },
    {
      "identity" : "youi",
      "kind" : "remoteSourceControl",
      "location" : "https://github.com/Hi-Rez/Youi",
      "state" : {
        "revision" : "eb63bdb47c95eda8369f4c5885272e2726867732",
        "version" : "4.1.0"
      }
    }
  ],
  "version" : 2
}
